
Microsoft Visual Studio Solution File, Format Version 12.00
# Visual Studio 15
VisualStudioVersion = 15.0.28010.2041
MinimumVisualStudioVersion = 10.0.40219.1
Project("{FAE04EC0-301F-11D3-BF4B-00C04F79EFBC}") = "PaginaXF.Android", "PaginaXF\PaginaXF.Android\PaginaXF.Android.csproj", "{3C4AC4C5-95BA-4D57-B069-947BE3EDC28C}"
EndProject
Project("{FAE04EC0-301F-11D3-BF4B-00C04F79EFBC}") = "PaginaXF.iOS", "PaginaXF\PaginaXF.iOS\PaginaXF.iOS.csproj", "{A70F407D-05A8-43AF-B116-566E12124A1C}"
EndProject
Project("{FAE04EC0-301F-11D3-BF4B-00C04F79EFBC}") = "PaginaXF.UWP", "PaginaXF\PaginaXF.UWP\PaginaXF.UWP.csproj", "{F03DE3EB-385E-433F-B443-A7AA9A937ECB}"
EndProject
Project("{FAE04EC0-301F-11D3-BF4B-00C04F79EFBC}") = "PaginaXF", "PaginaXF\PaginaXF\PaginaXF.csproj", "{BB4B6F05-69A5-4D42-A348-42D517B96272}"
EndProject
Global
	GlobalSection(SolutionConfigurationPlatforms) = preSolution
		Ad-Hoc|Any CPU = Ad-Hoc|Any CPU
		Ad-Hoc|ARM = Ad-Hoc|ARM
		Ad-Hoc|iPhone = Ad-Hoc|iPhone
		Ad-Hoc|iPhoneSimulator = Ad-Hoc|iPhoneSimulator
		Ad-Hoc|x64 = Ad-Hoc|x64
		Ad-Hoc|x86 = Ad-Hoc|x86
		AppStore|Any CPU = AppStore|Any CPU
		AppStore|ARM = AppStore|ARM
		AppStore|iPhone = AppStore|iPhone
		AppStore|iPhoneSimulator = AppStore|iPhoneSimulator
		AppStore|x64 = AppStore|x64
		AppStore|x86 = AppStore|x86
		Debug|Any CPU = Debug|Any CPU
		Debug|ARM = Debug|ARM
		Debug|iPhone = Debug|iPhone
		Debug|iPhoneSimulator = Debug|iPhoneSimulator
		Debug|x64 = Debug|x64
		Debug|x86 = Debug|x86
		Release|Any CPU = Release|Any CPU
		Release|ARM = Release|ARM
		Release|iPhone = Release|iPhone
		Release|iPhoneSimulator = Release|iPhoneSimulator
		Release|x64 = Release|x64
		Release|x86 = Release|x86
	EndGlobalSection
	GlobalSection(ProjectConfigurationPlatforms) = postSolution
		{3C4AC4C5-95BA-4D57-B069-947BE3EDC28C}.Ad-Hoc|Any CPU.ActiveCfg = Release|Any CPU
		{3C4AC4C5-95BA-4D57-B069-947BE3EDC28C}.Ad-Hoc|Any CPU.Build.0 = Release|Any CPU
		{3C4AC4C5-95BA-4D57-B069-947BE3EDC28C}.Ad-Hoc|Any CPU.Deploy.0 = Release|Any CPU
		{3C4AC4C5-95BA-4D57-B069-947BE3EDC28C}.Ad-Hoc|ARM.ActiveCfg = Release|Any CPU
		{3C4AC4C5-95BA-4D57-B069-947BE3EDC28C}.Ad-Hoc|ARM.Build.0 = Release|Any CPU
		{3C4AC4C5-95BA-4D57-B069-947BE3EDC28C}.Ad-Hoc|ARM.Deploy.0 = Release|Any CPU
		{3C4AC4C5-95BA-4D57-B069-947BE3EDC28C}.Ad-Hoc|iPhone.ActiveCfg = Release|Any CPU
		{3C4AC4C5-95BA-4D57-B069-947BE3EDC28C}.Ad-Hoc|iPhone.Build.0 = Release|Any CPU
		{3C4AC4C5-95BA-4D57-B069-947BE3EDC28C}.Ad-Hoc|iPhone.Deploy.0 = Release|Any CPU
		{3C4AC4C5-95BA-4D57-B069-947BE3EDC28C}.Ad-Hoc|iPhoneSimulator.ActiveCfg = Release|Any CPU
		{3C4AC4C5-95BA-4D57-B069-947BE3EDC28C}.Ad-Hoc|iPhoneSimulator.Build.0 = Release|Any CPU
		{3C4AC4C5-95BA-4D57-B069-947BE3EDC28C}.Ad-Hoc|iPhoneSimulator.Deploy.0 = Release|Any CPU
		{3C4AC4C5-95BA-4D57-B069-947BE3EDC28C}.Ad-Hoc|x64.ActiveCfg = Release|Any CPU
		{3C4AC4C5-95BA-4D57-B069-947BE3EDC28C}.Ad-Hoc|x64.Build.0 = Release|Any CPU
		{3C4AC4C5-95BA-4D57-B069-947BE3EDC28C}.Ad-Hoc|x64.Deploy.0 = Release|Any CPU
		{3C4AC4C5-95BA-4D57-B069-947BE3EDC28C}.Ad-Hoc|x86.ActiveCfg = Release|Any CPU
		{3C4AC4C5-95BA-4D57-B069-947BE3EDC28C}.Ad-Hoc|x86.Build.0 = Release|Any CPU
		{3C4AC4C5-95BA-4D57-B069-947BE3EDC28C}.Ad-Hoc|x86.Deploy.0 = Release|Any CPU
		{3C4AC4C5-95BA-4D57-B069-947BE3EDC28C}.AppStore|Any CPU.ActiveCfg = Release|Any CPU
		{3C4AC4C5-95BA-4D57-B069-947BE3EDC28C}.AppStore|Any CPU.Build.0 = Release|Any CPU
		{3C4AC4C5-95BA-4D57-B069-947BE3EDC28C}.AppStore|Any CPU.Deploy.0 = Release|Any CPU
		{3C4AC4C5-95BA-4D57-B069-947BE3EDC28C}.AppStore|ARM.ActiveCfg = Release|Any CPU
		{3C4AC4C5-95BA-4D57-B069-947BE3EDC28C}.AppStore|ARM.Build.0 = Release|Any CPU
		{3C4AC4C5-95BA-4D57-B069-947BE3EDC28C}.AppStore|ARM.Deploy.0 = Release|Any CPU
		{3C4AC4C5-95BA-4D57-B069-947BE3EDC28C}.AppStore|iPhone.ActiveCfg = Release|Any CPU
		{3C4AC4C5-95BA-4D57-B069-947BE3EDC28C}.AppStore|iPhone.Build.0 = Release|Any CPU
		{3C4AC4C5-95BA-4D57-B069-947BE3EDC28C}.AppStore|iPhone.Deploy.0 = Release|Any CPU
		{3C4AC4C5-95BA-4D57-B069-947BE3EDC28C}.AppStore|iPhoneSimulator.ActiveCfg = Release|Any CPU
		{3C4AC4C5-95BA-4D57-B069-947BE3EDC28C}.AppStore|iPhoneSimulator.Build.0 = Release|Any CPU
		{3C4AC4C5-95BA-4D57-B069-947BE3EDC28C}.AppStore|iPhoneSimulator.Deploy.0 = Release|Any CPU
		{3C4AC4C5-95BA-4D57-B069-947BE3EDC28C}.AppStore|x64.ActiveCfg = Release|Any CPU
		{3C4AC4C5-95BA-4D57-B069-947BE3EDC28C}.AppStore|x64.Build.0 = Release|Any CPU
		{3C4AC4C5-95BA-4D57-B069-947BE3EDC28C}.AppStore|x64.Deploy.0 = Release|Any CPU
		{3C4AC4C5-95BA-4D57-B069-947BE3EDC28C}.AppStore|x86.ActiveCfg = Release|Any CPU
		{3C4AC4C5-95BA-4D57-B069-947BE3EDC28C}.AppStore|x86.Build.0 = Release|Any CPU
		{3C4AC4C5-95BA-4D57-B069-947BE3EDC28C}.AppStore|x86.Deploy.0 = Release|Any CPU
		{3C4AC4C5-95BA-4D57-B069-947BE3EDC28C}.Debug|Any CPU.ActiveCfg = Debug|Any CPU
		{3C4AC4C5-95BA-4D57-B069-947BE3EDC28C}.Debug|Any CPU.Build.0 = Debug|Any CPU
		{3C4AC4C5-95BA-4D57-B069-947BE3EDC28C}.Debug|Any CPU.Deploy.0 = Debug|Any CPU
		{3C4AC4C5-95BA-4D57-B069-947BE3EDC28C}.Debug|ARM.ActiveCfg = Debug|Any CPU
		{3C4AC4C5-95BA-4D57-B069-947BE3EDC28C}.Debug|ARM.Build.0 = Debug|Any CPU
		{3C4AC4C5-95BA-4D57-B069-947BE3EDC28C}.Debug|ARM.Deploy.0 = Debug|Any CPU
		{3C4AC4C5-95BA-4D57-B069-947BE3EDC28C}.Debug|iPhone.ActiveCfg = Debug|Any CPU
		{3C4AC4C5-95BA-4D57-B069-947BE3EDC28C}.Debug|iPhone.Build.0 = Debug|Any CPU
		{3C4AC4C5-95BA-4D57-B069-947BE3EDC28C}.Debug|iPhone.Deploy.0 = Debug|Any CPU
		{3C4AC4C5-95BA-4D57-B069-947BE3EDC28C}.Debug|iPhoneSimulator.ActiveCfg = Debug|Any CPU
		{3C4AC4C5-95BA-4D57-B069-947BE3EDC28C}.Debug|iPhoneSimulator.Build.0 = Debug|Any CPU
		{3C4AC4C5-95BA-4D57-B069-947BE3EDC28C}.Debug|iPhoneSimulator.Deploy.0 = Debug|Any CPU
		{3C4AC4C5-95BA-4D57-B069-947BE3EDC28C}.Debug|x64.ActiveCfg = Debug|Any CPU
		{3C4AC4C5-95BA-4D57-B069-947BE3EDC28C}.Debug|x64.Build.0 = Debug|Any CPU
		{3C4AC4C5-95BA-4D57-B069-947BE3EDC28C}.Debug|x64.Deploy.0 = Debug|Any CPU
		{3C4AC4C5-95BA-4D57-B069-947BE3EDC28C}.Debug|x86.ActiveCfg = Debug|Any CPU
		{3C4AC4C5-95BA-4D57-B069-947BE3EDC28C}.Debug|x86.Build.0 = Debug|Any CPU
		{3C4AC4C5-95BA-4D57-B069-947BE3EDC28C}.Debug|x86.Deploy.0 = Debug|Any CPU
		{3C4AC4C5-95BA-4D57-B069-947BE3EDC28C}.Release|Any CPU.ActiveCfg = Release|Any CPU
		{3C4AC4C5-95BA-4D57-B069-947BE3EDC28C}.Release|Any CPU.Build.0 = Release|Any CPU
		{3C4AC4C5-95BA-4D57-B069-947BE3EDC28C}.Release|Any CPU.Deploy.0 = Release|Any CPU
		{3C4AC4C5-95BA-4D57-B069-947BE3EDC28C}.Release|ARM.ActiveCfg = Release|Any CPU
		{3C4AC4C5-95BA-4D57-B069-947BE3EDC28C}.Release|ARM.Build.0 = Release|Any CPU
		{3C4AC4C5-95BA-4D57-B069-947BE3EDC28C}.Release|ARM.Deploy.0 = Release|Any CPU
		{3C4AC4C5-95BA-4D57-B069-947BE3EDC28C}.Release|iPhone.ActiveCfg = Release|Any CPU
		{3C4AC4C5-95BA-4D57-B069-947BE3EDC28C}.Release|iPhone.Build.0 = Release|Any CPU
		{3C4AC4C5-95BA-4D57-B069-947BE3EDC28C}.Release|iPhone.Deploy.0 = Release|Any CPU
		{3C4AC4C5-95BA-4D57-B069-947BE3EDC28C}.Release|iPhoneSimulator.ActiveCfg = Release|Any CPU
		{3C4AC4C5-95BA-4D57-B069-947BE3EDC28C}.Release|iPhoneSimulator.Build.0 = Release|Any CPU
		{3C4AC4C5-95BA-4D57-B069-947BE3EDC28C}.Release|iPhoneSimulator.Deploy.0 = Release|Any CPU
		{3C4AC4C5-95BA-4D57-B069-947BE3EDC28C}.Release|x64.ActiveCfg = Release|Any CPU
		{3C4AC4C5-95BA-4D57-B069-947BE3EDC28C}.Release|x64.Build.0 = Release|Any CPU
		{3C4AC4C5-95BA-4D57-B069-947BE3EDC28C}.Release|x64.Deploy.0 = Release|Any CPU
		{3C4AC4C5-95BA-4D57-B069-947BE3EDC28C}.Release|x86.ActiveCfg = Release|Any CPU
		{3C4AC4C5-95BA-4D57-B069-947BE3EDC28C}.Release|x86.Build.0 = Release|Any CPU
		{3C4AC4C5-95BA-4D57-B069-947BE3EDC28C}.Release|x86.Deploy.0 = Release|Any CPU
		{A70F407D-05A8-43AF-B116-566E12124A1C}.Ad-Hoc|Any CPU.ActiveCfg = Ad-Hoc|iPhone
		{A70F407D-05A8-43AF-B116-566E12124A1C}.Ad-Hoc|Any CPU.Build.0 = Ad-Hoc|iPhone
		{A70F407D-05A8-43AF-B116-566E12124A1C}.Ad-Hoc|Any CPU.Deploy.0 = Ad-Hoc|iPhone
		{A70F407D-05A8-43AF-B116-566E12124A1C}.Ad-Hoc|ARM.ActiveCfg = Ad-Hoc|iPhone
		{A70F407D-05A8-43AF-B116-566E12124A1C}.Ad-Hoc|ARM.Build.0 = Ad-Hoc|iPhone
		{A70F407D-05A8-43AF-B116-566E12124A1C}.Ad-Hoc|ARM.Deploy.0 = Ad-Hoc|iPhone
		{A70F407D-05A8-43AF-B116-566E12124A1C}.Ad-Hoc|iPhone.ActiveCfg = Ad-Hoc|iPhone
		{A70F407D-05A8-43AF-B116-566E12124A1C}.Ad-Hoc|iPhone.Build.0 = Ad-Hoc|iPhone
		{A70F407D-05A8-43AF-B116-566E12124A1C}.Ad-Hoc|iPhone.Deploy.0 = Ad-Hoc|iPhone
		{A70F407D-05A8-43AF-B116-566E12124A1C}.Ad-Hoc|iPhoneSimulator.ActiveCfg = Ad-Hoc|iPhoneSimulator
		{A70F407D-05A8-43AF-B116-566E12124A1C}.Ad-Hoc|iPhoneSimulator.Build.0 = Ad-Hoc|iPhoneSimulator
		{A70F407D-05A8-43AF-B116-566E12124A1C}.Ad-Hoc|iPhoneSimulator.Deploy.0 = Ad-Hoc|iPhoneSimulator
		{A70F407D-05A8-43AF-B116-566E12124A1C}.Ad-Hoc|x64.ActiveCfg = Ad-Hoc|iPhone
		{A70F407D-05A8-43AF-B116-566E12124A1C}.Ad-Hoc|x64.Build.0 = Ad-Hoc|iPhone
		{A70F407D-05A8-43AF-B116-566E12124A1C}.Ad-Hoc|x64.Deploy.0 = Ad-Hoc|iPhone
		{A70F407D-05A8-43AF-B116-566E12124A1C}.Ad-Hoc|x86.ActiveCfg = Ad-Hoc|iPhone
		{A70F407D-05A8-43AF-B116-566E12124A1C}.Ad-Hoc|x86.Build.0 = Ad-Hoc|iPhone
		{A70F407D-05A8-43AF-B116-566E12124A1C}.Ad-Hoc|x86.Deploy.0 = Ad-Hoc|iPhone
		{A70F407D-05A8-43AF-B116-566E12124A1C}.AppStore|Any CPU.ActiveCfg = AppStore|iPhone
		{A70F407D-05A8-43AF-B116-566E12124A1C}.AppStore|Any CPU.Build.0 = AppStore|iPhone
		{A70F407D-05A8-43AF-B116-566E12124A1C}.AppStore|Any CPU.Deploy.0 = AppStore|iPhone
		{A70F407D-05A8-43AF-B116-566E12124A1C}.AppStore|ARM.ActiveCfg = AppStore|iPhone
		{A70F407D-05A8-43AF-B116-566E12124A1C}.AppStore|ARM.Build.0 = AppStore|iPhone
		{A70F407D-05A8-43AF-B116-566E12124A1C}.AppStore|ARM.Deploy.0 = AppStore|iPhone
		{A70F407D-05A8-43AF-B116-566E12124A1C}.AppStore|iPhone.ActiveCfg = AppStore|iPhone
		{A70F407D-05A8-43AF-B116-566E12124A1C}.AppStore|iPhone.Build.0 = AppStore|iPhone
		{A70F407D-05A8-43AF-B116-566E12124A1C}.AppStore|iPhone.Deploy.0 = AppStore|iPhone
		{A70F407D-05A8-43AF-B116-566E12124A1C}.AppStore|iPhoneSimulator.ActiveCfg = AppStore|iPhoneSimulator
		{A70F407D-05A8-43AF-B116-566E12124A1C}.AppStore|iPhoneSimulator.Build.0 = AppStore|iPhoneSimulator
		{A70F407D-05A8-43AF-B116-566E12124A1C}.AppStore|iPhoneSimulator.Deploy.0 = AppStore|iPhoneSimulator
		{A70F407D-05A8-43AF-B116-566E12124A1C}.AppStore|x64.ActiveCfg = AppStore|iPhone
		{A70F407D-05A8-43AF-B116-566E12124A1C}.AppStore|x64.Build.0 = AppStore|iPhone
		{A70F407D-05A8-43AF-B116-566E12124A1C}.AppStore|x64.Deploy.0 = AppStore|iPhone
		{A70F407D-05A8-43AF-B116-566E12124A1C}.AppStore|x86.ActiveCfg = AppStore|iPhone
		{A70F407D-05A8-43AF-B116-566E12124A1C}.AppStore|x86.Build.0 = AppStore|iPhone
		{A70F407D-05A8-43AF-B116-566E12124A1C}.AppStore|x86.Deploy.0 = AppStore|iPhone
		{A70F407D-05A8-43AF-B116-566E12124A1C}.Debug|Any CPU.ActiveCfg = Debug|iPhoneSimulator
		{A70F407D-05A8-43AF-B116-566E12124A1C}.Debug|Any CPU.Build.0 = Debug|iPhoneSimulator
		{A70F407D-05A8-43AF-B116-566E12124A1C}.Debug|Any CPU.Deploy.0 = Debug|iPhoneSimulator
		{A70F407D-05A8-43AF-B116-566E12124A1C}.Debug|ARM.ActiveCfg = Debug|iPhone
		{A70F407D-05A8-43AF-B116-566E12124A1C}.Debug|ARM.Build.0 = Debug|iPhone
		{A70F407D-05A8-43AF-B116-566E12124A1C}.Debug|ARM.Deploy.0 = Debug|iPhone
		{A70F407D-05A8-43AF-B116-566E12124A1C}.Debug|iPhone.ActiveCfg = Debug|iPhone
		{A70F407D-05A8-43AF-B116-566E12124A1C}.Debug|iPhone.Build.0 = Debug|iPhone
		{A70F407D-05A8-43AF-B116-566E12124A1C}.Debug|iPhone.Deploy.0 = Debug|iPhone
		{A70F407D-05A8-43AF-B116-566E12124A1C}.Debug|iPhoneSimulator.ActiveCfg = Debug|iPhoneSimulator
		{A70F407D-05A8-43AF-B116-566E12124A1C}.Debug|iPhoneSimulator.Build.0 = Debug|iPhoneSimulator
		{A70F407D-05A8-43AF-B116-566E12124A1C}.Debug|iPhoneSimulator.Deploy.0 = Debug|iPhoneSimulator
		{A70F407D-05A8-43AF-B116-566E12124A1C}.Debug|x64.ActiveCfg = Debug|iPhone
		{A70F407D-05A8-43AF-B116-566E12124A1C}.Debug|x64.Build.0 = Debug|iPhone
		{A70F407D-05A8-43AF-B116-566E12124A1C}.Debug|x64.Deploy.0 = Debug|iPhone
		{A70F407D-05A8-43AF-B116-566E12124A1C}.Debug|x86.ActiveCfg = Debug|iPhone
		{A70F407D-05A8-43AF-B116-566E12124A1C}.Debug|x86.Build.0 = Debug|iPhone
		{A70F407D-05A8-43AF-B116-566E12124A1C}.Debug|x86.Deploy.0 = Debug|iPhone
		{A70F407D-05A8-43AF-B116-566E12124A1C}.Release|Any CPU.ActiveCfg = Release|iPhone
		{A70F407D-05A8-43AF-B116-566E12124A1C}.Release|Any CPU.Build.0 = Release|iPhone
		{A70F407D-05A8-43AF-B116-566E12124A1C}.Release|Any CPU.Deploy.0 = Release|iPhone
		{A70F407D-05A8-43AF-B116-566E12124A1C}.Release|ARM.ActiveCfg = Release|iPhone
		{A70F407D-05A8-43AF-B116-566E12124A1C}.Release|ARM.Build.0 = Release|iPhone
		{A70F407D-05A8-43AF-B116-566E12124A1C}.Release|ARM.Deploy.0 = Release|iPhone
		{A70F407D-05A8-43AF-B116-566E12124A1C}.Release|iPhone.ActiveCfg = Release|iPhone
		{A70F407D-05A8-43AF-B116-566E12124A1C}.Release|iPhone.Build.0 = Release|iPhone
		{A70F407D-05A8-43AF-B116-566E12124A1C}.Release|iPhone.Deploy.0 = Release|iPhone
		{A70F407D-05A8-43AF-B116-566E12124A1C}.Release|iPhoneSimulator.ActiveCfg = Release|iPhoneSimulator
		{A70F407D-05A8-43AF-B116-566E12124A1C}.Release|iPhoneSimulator.Build.0 = Release|iPhoneSimulator
		{A70F407D-05A8-43AF-B116-566E12124A1C}.Release|iPhoneSimulator.Deploy.0 = Release|iPhoneSimulator
		{A70F407D-05A8-43AF-B116-566E12124A1C}.Release|x64.ActiveCfg = Release|iPhone
		{A70F407D-05A8-43AF-B116-566E12124A1C}.Release|x64.Build.0 = Release|iPhone
		{A70F407D-05A8-43AF-B116-566E12124A1C}.Release|x64.Deploy.0 = Release|iPhone
		{A70F407D-05A8-43AF-B116-566E12124A1C}.Release|x86.ActiveCfg = Release|iPhone
		{A70F407D-05A8-43AF-B116-566E12124A1C}.Release|x86.Build.0 = Release|iPhone
		{A70F407D-05A8-43AF-B116-566E12124A1C}.Release|x86.Deploy.0 = Release|iPhone
		{F03DE3EB-385E-433F-B443-A7AA9A937ECB}.Ad-Hoc|Any CPU.ActiveCfg = Release|x86
		{F03DE3EB-385E-433F-B443-A7AA9A937ECB}.Ad-Hoc|Any CPU.Build.0 = Release|x86
		{F03DE3EB-385E-433F-B443-A7AA9A937ECB}.Ad-Hoc|Any CPU.Deploy.0 = Release|x86
		{F03DE3EB-385E-433F-B443-A7AA9A937ECB}.Ad-Hoc|ARM.ActiveCfg = Release|ARM
		{F03DE3EB-385E-433F-B443-A7AA9A937ECB}.Ad-Hoc|ARM.Build.0 = Release|ARM
		{F03DE3EB-385E-433F-B443-A7AA9A937ECB}.Ad-Hoc|ARM.Deploy.0 = Release|ARM
		{F03DE3EB-385E-433F-B443-A7AA9A937ECB}.Ad-Hoc|iPhone.ActiveCfg = Release|x86
		{F03DE3EB-385E-433F-B443-A7AA9A937ECB}.Ad-Hoc|iPhone.Build.0 = Release|x86
		{F03DE3EB-385E-433F-B443-A7AA9A937ECB}.Ad-Hoc|iPhone.Deploy.0 = Release|x86
		{F03DE3EB-385E-433F-B443-A7AA9A937ECB}.Ad-Hoc|iPhoneSimulator.ActiveCfg = Release|x86
		{F03DE3EB-385E-433F-B443-A7AA9A937ECB}.Ad-Hoc|iPhoneSimulator.Build.0 = Release|x86
		{F03DE3EB-385E-433F-B443-A7AA9A937ECB}.Ad-Hoc|iPhoneSimulator.Deploy.0 = Release|x86
		{F03DE3EB-385E-433F-B443-A7AA9A937ECB}.Ad-Hoc|x64.ActiveCfg = Release|x64
		{F03DE3EB-385E-433F-B443-A7AA9A937ECB}.Ad-Hoc|x64.Build.0 = Release|x64
		{F03DE3EB-385E-433F-B443-A7AA9A937ECB}.Ad-Hoc|x64.Deploy.0 = Release|x64
		{F03DE3EB-385E-433F-B443-A7AA9A937ECB}.Ad-Hoc|x86.ActiveCfg = Release|x86
		{F03DE3EB-385E-433F-B443-A7AA9A937ECB}.Ad-Hoc|x86.Build.0 = Release|x86
		{F03DE3EB-385E-433F-B443-A7AA9A937ECB}.Ad-Hoc|x86.Deploy.0 = Release|x86
		{F03DE3EB-385E-433F-B443-A7AA9A937ECB}.AppStore|Any CPU.ActiveCfg = Release|x86
		{F03DE3EB-385E-433F-B443-A7AA9A937ECB}.AppStore|Any CPU.Build.0 = Release|x86
		{F03DE3EB-385E-433F-B443-A7AA9A937ECB}.AppStore|Any CPU.Deploy.0 = Release|x86
		{F03DE3EB-385E-433F-B443-A7AA9A937ECB}.AppStore|ARM.ActiveCfg = Release|ARM
		{F03DE3EB-385E-433F-B443-A7AA9A937ECB}.AppStore|ARM.Build.0 = Release|ARM
		{F03DE3EB-385E-433F-B443-A7AA9A937ECB}.AppStore|ARM.Deploy.0 = Release|ARM
		{F03DE3EB-385E-433F-B443-A7AA9A937ECB}.AppStore|iPhone.ActiveCfg = Release|x86
		{F03DE3EB-385E-433F-B443-A7AA9A937ECB}.AppStore|iPhone.Build.0 = Release|x86
		{F03DE3EB-385E-433F-B443-A7AA9A937ECB}.AppStore|iPhone.Deploy.0 = Release|x86
		{F03DE3EB-385E-433F-B443-A7AA9A937ECB}.AppStore|iPhoneSimulator.ActiveCfg = Release|x86
		{F03DE3EB-385E-433F-B443-A7AA9A937ECB}.AppStore|iPhoneSimulator.Build.0 = Release|x86
		{F03DE3EB-385E-433F-B443-A7AA9A937ECB}.AppStore|iPhoneSimulator.Deploy.0 = Release|x86
		{F03DE3EB-385E-433F-B443-A7AA9A937ECB}.AppStore|x64.ActiveCfg = Release|x64
		{F03DE3EB-385E-433F-B443-A7AA9A937ECB}.AppStore|x64.Build.0 = Release|x64
		{F03DE3EB-385E-433F-B443-A7AA9A937ECB}.AppStore|x64.Deploy.0 = Release|x64
		{F03DE3EB-385E-433F-B443-A7AA9A937ECB}.AppStore|x86.ActiveCfg = Release|x86
		{F03DE3EB-385E-433F-B443-A7AA9A937ECB}.AppStore|x86.Build.0 = Release|x86
		{F03DE3EB-385E-433F-B443-A7AA9A937ECB}.AppStore|x86.Deploy.0 = Release|x86
		{F03DE3EB-385E-433F-B443-A7AA9A937ECB}.Debug|Any CPU.ActiveCfg = Debug|x86
		{F03DE3EB-385E-433F-B443-A7AA9A937ECB}.Debug|Any CPU.Build.0 = Debug|x86
		{F03DE3EB-385E-433F-B443-A7AA9A937ECB}.Debug|Any CPU.Deploy.0 = Debug|x86
		{F03DE3EB-385E-433F-B443-A7AA9A937ECB}.Debug|ARM.ActiveCfg = Debug|ARM
		{F03DE3EB-385E-433F-B443-A7AA9A937ECB}.Debug|ARM.Build.0 = Debug|ARM
		{F03DE3EB-385E-433F-B443-A7AA9A937ECB}.Debug|ARM.Deploy.0 = Debug|ARM
		{F03DE3EB-385E-433F-B443-A7AA9A937ECB}.Debug|iPhone.ActiveCfg = Debug|x86
		{F03DE3EB-385E-433F-B443-A7AA9A937ECB}.Debug|iPhone.Build.0 = Debug|x86
		{F03DE3EB-385E-433F-B443-A7AA9A937ECB}.Debug|iPhone.Deploy.0 = Debug|x86
		{F03DE3EB-385E-433F-B443-A7AA9A937ECB}.Debug|iPhoneSimulator.ActiveCfg = Debug|x86
		{F03DE3EB-385E-433F-B443-A7AA9A937ECB}.Debug|iPhoneSimulator.Build.0 = Debug|x86
		{F03DE3EB-385E-433F-B443-A7AA9A937ECB}.Debug|iPhoneSimulator.Deploy.0 = Debug|x86
		{F03DE3EB-385E-433F-B443-A7AA9A937ECB}.Debug|x64.ActiveCfg = Debug|x64
		{F03DE3EB-385E-433F-B443-A7AA9A937ECB}.Debug|x64.Build.0 = Debug|x64
		{F03DE3EB-385E-433F-B443-A7AA9A937ECB}.Debug|x64.Deploy.0 = Debug|x64
		{F03DE3EB-385E-433F-B443-A7AA9A937ECB}.Debug|x86.ActiveCfg = Debug|x86
		{F03DE3EB-385E-433F-B443-A7AA9A937ECB}.Debug|x86.Build.0 = Debug|x86
		{F03DE3EB-385E-433F-B443-A7AA9A937ECB}.Debug|x86.Deploy.0 = Debug|x86
		{F03DE3EB-385E-433F-B443-A7AA9A937ECB}.Release|Any CPU.ActiveCfg = Release|x86
		{F03DE3EB-385E-433F-B443-A7AA9A937ECB}.Release|Any CPU.Build.0 = Release|x86
		{F03DE3EB-385E-433F-B443-A7AA9A937ECB}.Release|Any CPU.Deploy.0 = Release|x86
		{F03DE3EB-385E-433F-B443-A7AA9A937ECB}.Release|ARM.ActiveCfg = Release|ARM
		{F03DE3EB-385E-433F-B443-A7AA9A937ECB}.Release|ARM.Build.0 = Release|ARM
		{F03DE3EB-385E-433F-B443-A7AA9A937ECB}.Release|ARM.Deploy.0 = Release|ARM
		{F03DE3EB-385E-433F-B443-A7AA9A937ECB}.Release|iPhone.ActiveCfg = Release|x86
		{F03DE3EB-385E-433F-B443-A7AA9A937ECB}.Release|iPhone.Build.0 = Release|x86
		{F03DE3EB-385E-433F-B443-A7AA9A937ECB}.Release|iPhone.Deploy.0 = Release|x86
		{F03DE3EB-385E-433F-B443-A7AA9A937ECB}.Release|iPhoneSimulator.ActiveCfg = Release|x86
		{F03DE3EB-385E-433F-B443-A7AA9A937ECB}.Release|iPhoneSimulator.Build.0 = Release|x86
		{F03DE3EB-385E-433F-B443-A7AA9A937ECB}.Release|iPhoneSimulator.Deploy.0 = Release|x86
		{F03DE3EB-385E-433F-B443-A7AA9A937ECB}.Release|x64.ActiveCfg = Release|x64
		{F03DE3EB-385E-433F-B443-A7AA9A937ECB}.Release|x64.Build.0 = Release|x64
		{F03DE3EB-385E-433F-B443-A7AA9A937ECB}.Release|x64.Deploy.0 = Release|x64
		{F03DE3EB-385E-433F-B443-A7AA9A937ECB}.Release|x86.ActiveCfg = Release|x86
		{F03DE3EB-385E-433F-B443-A7AA9A937ECB}.Release|x86.Build.0 = Release|x86
		{F03DE3EB-385E-433F-B443-A7AA9A937ECB}.Release|x86.Deploy.0 = Release|x86
		{BB4B6F05-69A5-4D42-A348-42D517B96272}.Ad-Hoc|Any CPU.ActiveCfg = Debug|Any CPU
		{BB4B6F05-69A5-4D42-A348-42D517B96272}.Ad-Hoc|Any CPU.Build.0 = Debug|Any CPU
		{BB4B6F05-69A5-4D42-A348-42D517B96272}.Ad-Hoc|Any CPU.Deploy.0 = Debug|Any CPU
		{BB4B6F05-69A5-4D42-A348-42D517B96272}.Ad-Hoc|ARM.ActiveCfg = Debug|Any CPU
		{BB4B6F05-69A5-4D42-A348-42D517B96272}.Ad-Hoc|ARM.Build.0 = Debug|Any CPU
		{BB4B6F05-69A5-4D42-A348-42D517B96272}.Ad-Hoc|ARM.Deploy.0 = Debug|Any CPU
		{BB4B6F05-69A5-4D42-A348-42D517B96272}.Ad-Hoc|iPhone.ActiveCfg = Debug|Any CPU
		{BB4B6F05-69A5-4D42-A348-42D517B96272}.Ad-Hoc|iPhone.Build.0 = Debug|Any CPU
		{BB4B6F05-69A5-4D42-A348-42D517B96272}.Ad-Hoc|iPhone.Deploy.0 = Debug|Any CPU
		{BB4B6F05-69A5-4D42-A348-42D517B96272}.Ad-Hoc|iPhoneSimulator.ActiveCfg = Debug|Any CPU
		{BB4B6F05-69A5-4D42-A348-42D517B96272}.Ad-Hoc|iPhoneSimulator.Build.0 = Debug|Any CPU
		{BB4B6F05-69A5-4D42-A348-42D517B96272}.Ad-Hoc|iPhoneSimulator.Deploy.0 = Debug|Any CPU
		{BB4B6F05-69A5-4D42-A348-42D517B96272}.Ad-Hoc|x64.ActiveCfg = Debug|Any CPU
		{BB4B6F05-69A5-4D42-A348-42D517B96272}.Ad-Hoc|x64.Build.0 = Debug|Any CPU
		{BB4B6F05-69A5-4D42-A348-42D517B96272}.Ad-Hoc|x64.Deploy.0 = Debug|Any CPU
		{BB4B6F05-69A5-4D42-A348-42D517B96272}.Ad-Hoc|x86.ActiveCfg = Debug|Any CPU
		{BB4B6F05-69A5-4D42-A348-42D517B96272}.Ad-Hoc|x86.Build.0 = Debug|Any CPU
		{BB4B6F05-69A5-4D42-A348-42D517B96272}.Ad-Hoc|x86.Deploy.0 = Debug|Any CPU
		{BB4B6F05-69A5-4D42-A348-42D517B96272}.AppStore|Any CPU.ActiveCfg = Debug|Any CPU
		{BB4B6F05-69A5-4D42-A348-42D517B96272}.AppStore|Any CPU.Build.0 = Debug|Any CPU
		{BB4B6F05-69A5-4D42-A348-42D517B96272}.AppStore|Any CPU.Deploy.0 = Debug|Any CPU
		{BB4B6F05-69A5-4D42-A348-42D517B96272}.AppStore|ARM.ActiveCfg = Debug|Any CPU
		{BB4B6F05-69A5-4D42-A348-42D517B96272}.AppStore|ARM.Build.0 = Debug|Any CPU
		{BB4B6F05-69A5-4D42-A348-42D517B96272}.AppStore|ARM.Deploy.0 = Debug|Any CPU
		{BB4B6F05-69A5-4D42-A348-42D517B96272}.AppStore|iPhone.ActiveCfg = Debug|Any CPU
		{BB4B6F05-69A5-4D42-A348-42D517B96272}.AppStore|iPhone.Build.0 = Debug|Any CPU
		{BB4B6F05-69A5-4D42-A348-42D517B96272}.AppStore|iPhone.Deploy.0 = Debug|Any CPU
		{BB4B6F05-69A5-4D42-A348-42D517B96272}.AppStore|iPhoneSimulator.ActiveCfg = Debug|Any CPU
		{BB4B6F05-69A5-4D42-A348-42D517B96272}.AppStore|iPhoneSimulator.Build.0 = Debug|Any CPU
		{BB4B6F05-69A5-4D42-A348-42D517B96272}.AppStore|iPhoneSimulator.Deploy.0 = Debug|Any CPU
		{BB4B6F05-69A5-4D42-A348-42D517B96272}.AppStore|x64.ActiveCfg = Debug|Any CPU
		{BB4B6F05-69A5-4D42-A348-42D517B96272}.AppStore|x64.Build.0 = Debug|Any CPU
		{BB4B6F05-69A5-4D42-A348-42D517B96272}.AppStore|x64.Deploy.0 = Debug|Any CPU
		{BB4B6F05-69A5-4D42-A348-42D517B96272}.AppStore|x86.ActiveCfg = Debug|Any CPU
		{BB4B6F05-69A5-4D42-A348-42D517B96272}.AppStore|x86.Build.0 = Debug|Any CPU
		{BB4B6F05-69A5-4D42-A348-42D517B96272}.AppStore|x86.Deploy.0 = Debug|Any CPU
		{BB4B6F05-69A5-4D42-A348-42D517B96272}.Debug|Any CPU.ActiveCfg = Debug|Any CPU
		{BB4B6F05-69A5-4D42-A348-42D517B96272}.Debug|Any CPU.Build.0 = Debug|Any CPU
		{BB4B6F05-69A5-4D42-A348-42D517B96272}.Debug|Any CPU.Deploy.0 = Debug|Any CPU
		{BB4B6F05-69A5-4D42-A348-42D517B96272}.Debug|ARM.ActiveCfg = Debug|Any CPU
		{BB4B6F05-69A5-4D42-A348-42D517B96272}.Debug|ARM.Build.0 = Debug|Any CPU
		{BB4B6F05-69A5-4D42-A348-42D517B96272}.Debug|ARM.Deploy.0 = Debug|Any CPU
		{BB4B6F05-69A5-4D42-A348-42D517B96272}.Debug|iPhone.ActiveCfg = Debug|Any CPU
		{BB4B6F05-69A5-4D42-A348-42D517B96272}.Debug|iPhone.Build.0 = Debug|Any CPU
		{BB4B6F05-69A5-4D42-A348-42D517B96272}.Debug|iPhone.Deploy.0 = Debug|Any CPU
		{BB4B6F05-69A5-4D42-A348-42D517B96272}.Debug|iPhoneSimulator.ActiveCfg = Debug|Any CPU
		{BB4B6F05-69A5-4D42-A348-42D517B96272}.Debug|iPhoneSimulator.Build.0 = Debug|Any CPU
		{BB4B6F05-69A5-4D42-A348-42D517B96272}.Debug|iPhoneSimulator.Deploy.0 = Debug|Any CPU
		{BB4B6F05-69A5-4D42-A348-42D517B96272}.Debug|x64.ActiveCfg = Debug|Any CPU
		{BB4B6F05-69A5-4D42-A348-42D517B96272}.Debug|x64.Build.0 = Debug|Any CPU
		{BB4B6F05-69A5-4D42-A348-42D517B96272}.Debug|x64.Deploy.0 = Debug|Any CPU
		{BB4B6F05-69A5-4D42-A348-42D517B96272}.Debug|x86.ActiveCfg = Debug|Any CPU
		{BB4B6F05-69A5-4D42-A348-42D517B96272}.Debug|x86.Build.0 = Debug|Any CPU
		{BB4B6F05-69A5-4D42-A348-42D517B96272}.Debug|x86.Deploy.0 = Debug|Any CPU
		{BB4B6F05-69A5-4D42-A348-42D517B96272}.Release|Any CPU.ActiveCfg = Release|Any CPU
		{BB4B6F05-69A5-4D42-A348-42D517B96272}.Release|Any CPU.Build.0 = Release|Any CPU
		{BB4B6F05-69A5-4D42-A348-42D517B96272}.Release|Any CPU.Deploy.0 = Release|Any CPU
		{BB4B6F05-69A5-4D42-A348-42D517B96272}.Release|ARM.ActiveCfg = Release|Any CPU
		{BB4B6F05-69A5-4D42-A348-42D517B96272}.Release|ARM.Build.0 = Release|Any CPU
		{BB4B6F05-69A5-4D42-A348-42D517B96272}.Release|ARM.Deploy.0 = Release|Any CPU
		{BB4B6F05-69A5-4D42-A348-42D517B96272}.Release|iPhone.ActiveCfg = Release|Any CPU
		{BB4B6F05-69A5-4D42-A348-42D517B96272}.Release|iPhone.Build.0 = Release|Any CPU
		{BB4B6F05-69A5-4D42-A348-42D517B96272}.Release|iPhone.Deploy.0 = Release|Any CPU
		{BB4B6F05-69A5-4D42-A348-42D517B96272}.Release|iPhoneSimulator.ActiveCfg = Release|Any CPU
		{BB4B6F05-69A5-4D42-A348-42D517B96272}.Release|iPhoneSimulator.Build.0 = Release|Any CPU
		{BB4B6F05-69A5-4D42-A348-42D517B96272}.Release|iPhoneSimulator.Deploy.0 = Release|Any CPU
		{BB4B6F05-69A5-4D42-A348-42D517B96272}.Release|x64.ActiveCfg = Release|Any CPU
		{BB4B6F05-69A5-4D42-A348-42D517B96272}.Release|x64.Build.0 = Release|Any CPU
		{BB4B6F05-69A5-4D42-A348-42D517B96272}.Release|x64.Deploy.0 = Release|Any CPU
		{BB4B6F05-69A5-4D42-A348-42D517B96272}.Release|x86.ActiveCfg = Release|Any CPU
		{BB4B6F05-69A5-4D42-A348-42D517B96272}.Release|x86.Build.0 = Release|Any CPU
		{BB4B6F05-69A5-4D42-A348-42D517B96272}.Release|x86.Deploy.0 = Release|Any CPU
	EndGlobalSection
	GlobalSection(SolutionProperties) = preSolution
		HideSolutionNode = FALSE
	EndGlobalSection
	GlobalSection(ExtensibilityGlobals) = postSolution
		SolutionGuid = {F8D75373-0CDE-489F-B119-5E2D937BB23D}
	EndGlobalSection
EndGlobal
